{
  "name": "filereplacer",
  "version": "1.0.0",
  "lockfileVersion": 1,
  "requires": true,
  "dependencies": {
    "convert-string": {
      "version": "0.1.0",
      "resolved": "https://registry.npmjs.org/convert-string/-/convert-string-0.1.0.tgz",
      "integrity": "sha1-ec5BqbsNA7z3LNxqjzxW+7xkQQo="
    }
  }
}
